// !$*UTF8*$!
{
	archiveVersion = 1;
	classes = {
	};
	objectVersion = 77;
	objects = {

/* Begin PBXBuildFile section */
		84E97E292E7455E500FC29C9 /* routes.swift in Sources */ = {isa = PBXBuildFile; fileRef = 84E97E282E7455E500FC29C9 /* routes.swift */; };
		84E97E312E74566300FC29C9 /* CreateTask.swift in Sources */ = {isa = PBXBuildFile; fileRef = 84E97E2F2E74566300FC29C9 /* CreateTask.swift */; };
		84E97E352E74567D00FC29C9 /* configure.swift in Sources */ = {isa = PBXBuildFile; fileRef = 84E97E342E74567D00FC29C9 /* configure.swift */; };
/* End PBXBuildFile section */

/* Begin PBXContainerItemProxy section */
		84E97E0A2E7455CC00FC29C9 /* PBXContainerItemProxy */ = {
			isa = PBXContainerItemProxy;
			containerPortal = 84E97DF32E7455CB00FC29C9 /* Project object */;
			proxyType = 1;
			remoteGlobalIDString = 84E97DFA2E7455CB00FC29C9;
			remoteInfo = Miam;
		};
		84E97E142E7455CC00FC29C9 /* PBXContainerItemProxy */ = {
			isa = PBXContainerItemProxy;
			containerPortal = 84E97DF32E7455CB00FC29C9 /* Project object */;
			proxyType = 1;
			remoteGlobalIDString = 84E97DFA2E7455CB00FC29C9;
			remoteInfo = Miam;
		};
/* End PBXContainerItemProxy section */

/* Begin PBXFileReference section */
		84E97DFB2E7455CB00FC29C9 /* Miam.app */ = {isa = PBXFileReference; explicitFileType = wrapper.application; includeInIndex = 0; path = Miam.app; sourceTree = BUILT_PRODUCTS_DIR; };
		84E97E092E7455CC00FC29C9 /* MiamTests.xctest */ = {isa = PBXFileReference; explicitFileType = wrapper.cfbundle; includeInIndex = 0; path = MiamTests.xctest; sourceTree = BUILT_PRODUCTS_DIR; };
		84E97E132E7455CC00FC29C9 /* MiamUITests.xctest */ = {isa = PBXFileReference; explicitFileType = wrapper.cfbundle; includeInIndex = 0; path = MiamUITests.xctest; sourceTree = BUILT_PRODUCTS_DIR; };
		84E97E282E7455E500FC29C9 /* routes.swift */ = {isa = PBXFileReference; lastKnownFileType = sourcecode.swift; path = routes.swift; sourceTree = "<group>"; };
		84E97E2F2E74566300FC29C9 /* CreateTask.swift */ = {isa = PBXFileReference; lastKnownFileType = sourcecode.swift; path = CreateTask.swift; sourceTree = "<group>"; };
		84E97E342E74567D00FC29C9 /* configure.swift */ = {isa = PBXFileReference; lastKnownFileType = sourcecode.swift; path = configure.swift; sourceTree = "<group>"; };
/* End PBXFileReference section */

/* Begin PBXFileSystemSynchronizedRootGroup section */
		84E97DFD2E7455CB00FC29C9 /* Miam */ = {
			isa = PBXFileSystemSynchronizedRootGroup;
			path = Miam;
			sourceTree = "<group>";
		};
		84E97E0C2E7455CC00FC29C9 /* MiamTests */ = {
			isa = PBXFileSystemSynchronizedRootGroup;
			path = MiamTests;
			sourceTree = "<group>";
		};
		84E97E162E7455CC00FC29C9 /* MiamUITests */ = {
			isa = PBXFileSystemSynchronizedRootGroup;
			path = MiamUITests;
			sourceTree = "<group>";
		};
		84E97E2A2E74564600FC29C9 /* MiamController */ = {
			isa = PBXFileSystemSynchronizedRootGroup;
			path = MiamController;
			sourceTree = "<group>";
		};
/* End PBXFileSystemSynchronizedRootGroup section */

/* Begin PBXFrameworksBuildPhase section */
		84E97DF82E7455CB00FC29C9 /* Frameworks */ = {
			isa = PBXFrameworksBuildPhase;
			buildActionMask = 2147483647;
			files = (
			);
			runOnlyForDeploymentPostprocessing = 0;
		};
		84E97E062E7455CC00FC29C9 /* Frameworks */ = {
			isa = PBXFrameworksBuildPhase;
			buildActionMask = 2147483647;
			files = (
			);
			runOnlyForDeploymentPostprocessing = 0;
		};
		84E97E102E7455CC00FC29C9 /* Frameworks */ = {
			isa = PBXFrameworksBuildPhase;
			buildActionMask = 2147483647;
			files = (
			);
			runOnlyForDeploymentPostprocessing = 0;
		};
/* End PBXFrameworksBuildPhase section */

/* Begin PBXGroup section */
		84E97DF22E7455CB00FC29C9 = {
			isa = PBXGroup;
			children = (
				84E97E282E7455E500FC29C9 /* routes.swift */,
				84E97E342E74567D00FC29C9 /* configure.swift */,
				84E97E302E74566300FC29C9 /* Migrations */,
				84E97E2A2E74564600FC29C9 /* MiamController */,
				84E97DFD2E7455CB00FC29C9 /* Miam */,
				84E97E0C2E7455CC00FC29C9 /* MiamTests */,
				84E97E162E7455CC00FC29C9 /* MiamUITests */,
				84E97DFC2E7455CB00FC29C9 /* Products */,
			);
			sourceTree = "<group>";
		};
		84E97DFC2E7455CB00FC29C9 /* Products */ = {
			isa = PBXGroup;
			children = (
				84E97DFB2E7455CB00FC29C9 /* Miam.app */,
				84E97E092E7455CC00FC29C9 /* MiamTests.xctest */,
				84E97E132E7455CC00FC29C9 /* MiamUITests.xctest */,
			);
			name = Products;
			sourceTree = "<group>";
		};
		84E97E302E74566300FC29C9 /* Migrations */ = {
			isa = PBXGroup;
			children = (
				84E97E2F2E74566300FC29C9 /* CreateTask.swift */,
			);
			path = Migrations;
			sourceTree = "<group>";
		};
/* End PBXGroup section */

/* Begin PBXNativeTarget section */
		84E97DFA2E7455CB00FC29C9 /* Miam */ = {
			isa = PBXNativeTarget;
			buildConfigurationList = 84E97E1D2E7455CC00FC29C9 /* Build configuration list for PBXNativeTarget "Miam" */;
			buildPhases = (
				84E97DF72E7455CB00FC29C9 /* Sources */,
				84E97DF82E7455CB00FC29C9 /* Frameworks */,
				84E97DF92E7455CB00FC29C9 /* Resources */,
			);
			buildRules = (
			);
			dependencies = (
			);
			fileSystemSynchronizedGroups = (
				84E97DFD2E7455CB00FC29C9 /* Miam */,
				84E97E2A2E74564600FC29C9 /* MiamController */,
			);
			name = Miam;
			packageProductDependencies = (
			);
			productName = Miam;
			productReference = 84E97DFB2E7455CB00FC29C9 /* Miam.app */;
			productType = "com.apple.product-type.application";
		};
		84E97E082E7455CC00FC29C9 /* MiamTests */ = {
			isa = PBXNativeTarget;
			buildConfigurationList = 84E97E202E7455CC00FC29C9 /* Build configuration list for PBXNativeTarget "MiamTests" */;
			buildPhases = (
				84E97E052E7455CC00FC29C9 /* Sources */,
				84E97E062E7455CC00FC29C9 /* Frameworks */,
				84E97E072E7455CC00FC29C9 /* Resources */,
			);
			buildRules = (
			);
			dependencies = (
				84E97E0B2E7455CC00FC29C9 /* PBXTargetDependency */,
			);
			fileSystemSynchronizedGroups = (
				84E97E0C2E7455CC00FC29C9 /* MiamTests */,
			);
			name = MiamTests;
			packageProductDependencies = (
			);
			productName = MiamTests;
			productReference = 84E97E092E7455CC00FC29C9 /* MiamTests.xctest */;
			productType = "com.apple.product-type.bundle.unit-test";
		};
		84E97E122E7455CC00FC29C9 /* MiamUITests */ = {
			isa = PBXNativeTarget;
			buildConfigurationList = 84E97E232E7455CC00FC29C9 /* Build configuration list for PBXNativeTarget "MiamUITests" */;
			buildPhases = (
				84E97E0F2E7455CC00FC29C9 /* Sources */,
				84E97E102E7455CC00FC29C9 /* Frameworks */,
				84E97E112E7455CC00FC29C9 /* Resources */,
			);
			buildRules = (
			);
			dependencies = (
				84E97E152E7455CC00FC29C9 /* PBXTargetDependency */,
			);
			fileSystemSynchronizedGroups = (
				84E97E162E7455CC00FC29C9 /* MiamUITests */,
			);
			name = MiamUITests;
			packageProductDependencies = (
			);
			productName = MiamUITests;
			productReference = 84E97E132E7455CC00FC29C9 /* MiamUITests.xctest */;
			productType = "com.apple.product-type.bundle.ui-testing";
		};
/* End PBXNativeTarget section */

/* Begin PBXProject section */
		84E97DF32E7455CB00FC29C9 /* Project object */ = {
			isa = PBXProject;
			attributes = {
				BuildIndependentTargetsInParallel = 1;
				LastSwiftUpdateCheck = 1640;
				LastUpgradeCheck = 1640;
				TargetAttributes = {
					84E97DFA2E7455CB00FC29C9 = {
						CreatedOnToolsVersion = 16.4;
					};
					84E97E082E7455CC00FC29C9 = {
						CreatedOnToolsVersion = 16.4;
						TestTargetID = 84E97DFA2E7455CB00FC29C9;
					};
					84E97E122E7455CC00FC29C9 = {
						CreatedOnToolsVersion = 16.4;
						TestTargetID = 84E97DFA2E7455CB00FC29C9;
					};
				};
			};
			buildConfigurationList = 84E97DF62E7455CB00FC29C9 /* Build configuration list for PBXProject "Miam" */;
			developmentRegion = en;
			hasScannedForEncodings = 0;
			knownRegions = (
				en,
				Base,
			);
			mainGroup = 84E97DF22E7455CB00FC29C9;
			minimizedProjectReferenceProxies = 1;
			preferredProjectObjectVersion = 77;
			productRefGroup = 84E97DFC2E7455CB00FC29C9 /* Products */;
			projectDirPath = "";
			projectRoot = "";
			targets = (
				84E97DFA2E7455CB00FC29C9 /* Miam */,
				84E97E082E7455CC00FC29C9 /* MiamTests */,
				84E97E122E7455CC00FC29C9 /* MiamUITests */,
			);
		};
/* End PBXProject section */

/* Begin PBXResourcesBuildPhase section */
		84E97DF92E7455CB00FC29C9 /* Resources */ = {
			isa = PBXResourcesBuildPhase;
			buildActionMask = 2147483647;
			files = (
			);
			runOnlyForDeploymentPostprocessing = 0;
		};
		84E97E072E7455CC00FC29C9 /* Resources */ = {
			isa = PBXResourcesBuildPhase;
			buildActionMask = 2147483647;
			files = (
			);
			runOnlyForDeploymentPostprocessing = 0;
		};
		84E97E112E7455CC00FC29C9 /* Resources */ = {
			isa = PBXResourcesBuildPhase;
			buildActionMask = 2147483647;
			files = (
			);
			runOnlyForDeploymentPostprocessing = 0;
		};
/* End PBXResourcesBuildPhase section */

/* Begin PBXSourcesBuildPhase section */
		84E97DF72E7455CB00FC29C9 /* Sources */ = {
			isa = PBXSourcesBuildPhase;
			buildActionMask = 2147483647;
			files = (
				84E97E352E74567D00FC29C9 /* configure.swift in Sources */,
				84E97E312E74566300FC29C9 /* CreateTask.swift in Sources */,
			);
			runOnlyForDeploymentPostprocessing = 0;
		};
		84E97E052E7455CC00FC29C9 /* Sources */ = {
			isa = PBXSourcesBuildPhase;
			buildActionMask = 2147483647;
			files = (
			);
			runOnlyForDeploymentPostprocessing = 0;
		};
		84E97E0F2E7455CC00FC29C9 /* Sources */ = {
			isa = PBXSourcesBuildPhase;
			buildActionMask = 2147483647;
			files = (
				84E97E292E7455E500FC29C9 /* routes.swift in Sources */,
			);
			runOnlyForDeploymentPostprocessing = 0;
		};
/* End PBXSourcesBuildPhase section */

/* Begin PBXTargetDependency section */
		84E97E0B2E7455CC00FC29C9 /* PBXTargetDependency */ = {
			isa = PBXTargetDependency;
			target = 84E97DFA2E7455CB00FC29C9 /* Miam */;
			targetProxy = 84E97E0A2E7455CC00FC29C9 /* PBXContainerItemProxy */;
		};
		84E97E152E7455CC00FC29C9 /* PBXTargetDependency */ = {
			isa = PBXTargetDependency;
			target = 84E97DFA2E7455CB00FC29C9 /* Miam */;
			targetProxy = 84E97E142E7455CC00FC29C9 /* PBXContainerItemProxy */;
		};
/* End PBXTargetDependency section */

/* Begin XCBuildConfiguration section */
		84E97E1B2E7455CC00FC29C9 /* Debug */ = {
			isa = XCBuildConfiguration;
			buildSettings = {
				ALWAYS_SEARCH_USER_PATHS = NO;
				ASSETCATALOG_COMPILER_GENERATE_SWIFT_ASSET_SYMBOL_EXTENSIONS = YES;
				CLANG_ANALYZER_NONNULL = YES;
				CLANG_ANALYZER_NUMBER_OBJECT_CONVERSION = YES_AGGRESSIVE;
				CLANG_CXX_LANGUAGE_STANDARD = "gnu++20";
				CLANG_ENABLE_MODULES = YES;
				CLANG_ENABLE_OBJC_ARC = YES;
				CLANG_ENABLE_OBJC_WEAK = YES;
				CLANG_WARN_BLOCK_CAPTURE_AUTORELEASING = YES;
				CLANG_WARN_BOOL_CONVERSION = YES;
				CLANG_WARN_COMMA = YES;
				CLANG_WARN_CONSTANT_CONVERSION = YES;
				CLANG_WARN_DEPRECATED_OBJC_IMPLEMENTATIONS = YES;
				CLANG_WARN_DIRECT_OBJC_ISA_USAGE = YES_ERROR;
				CLANG_WARN_DOCUMENTATION_COMMENTS = YES;
				CLANG_WARN_EMPTY_BODY = YES;
				CLANG_WARN_ENUM_CONVERSION = YES;
				CLANG_WARN_INFINITE_RECURSION = YES;
				CLANG_WARN_INT_CONVERSION = YES;
				CLANG_WARN_NON_LITERAL_NULL_CONVERSION = YES;
				CLANG_WARN_OBJC_IMPLICIT_RETAIN_SELF = YES;
				CLANG_WARN_OBJC_LITERAL_CONVERSION = YES;
				CLANG_WARN_OBJC_ROOT_CLASS = YES_ERROR;
				CLANG_WARN_QUOTED_INCLUDE_IN_FRAMEWORK_HEADER = YES;
				CLANG_WARN_RANGE_LOOP_ANALYSIS = YES;
				CLANG_WARN_STRICT_PROTOTYPES = YES;
				CLANG_WARN_SUSPICIOUS_MOVE = YES;
				CLANG_WARN_UNGUARDED_AVAILABILITY = YES_AGGRESSIVE;
				CLANG_WARN_UNREACHABLE_CODE = YES;
				CLANG_WARN__DUPLICATE_METHOD_MATCH = YES;
				COPY_PHASE_STRIP = NO;
				DEBUG_INFORMATION_FORMAT = dwarf;
				ENABLE_STRICT_OBJC_MSGSEND = YES;
				ENABLE_TESTABILITY = YES;
				ENABLE_USER_SCRIPT_SANDBOXING = YES;
				GCC_C_LANGUAGE_STANDARD = gnu17;
				GCC_DYNAMIC_NO_PIC = NO;
				GCC_NO_COMMON_BLOCKS = YES;
				GCC_OPTIMIZATION_LEVEL = 0;
				GCC_PREPROCESSOR_DEFINITIONS = (
					"DEBUG=1",
					"$(inherited)",
				);
				GCC_WARN_64_TO_32_BIT_CONVERSION = YES;
				GCC_WARN_ABOUT_RETURN_TYPE = YES_ERROR;
				GCC_WARN_UNDECLARED_SELECTOR = YES;
				GCC_WARN_UNINITIALIZED_AUTOS = YES_AGGRESSIVE;
				GCC_WARN_UNUSED_FUNCTION = YES;
				GCC_WARN_UNUSED_VARIABLE = YES;
				LOCALIZATION_PREFERS_STRING_CATALOGS = YES;
				MTL_ENABLE_DEBUG_INFO = INCLUDE_SOURCE;
				MTL_FAST_MATH = YES;
				ONLY_ACTIVE_ARCH = YES;
				SWIFT_ACTIVE_COMPILATION_CONDITIONS = "DEBUG $(inherited)";
				SWIFT_OPTIMIZATION_LEVEL = "-Onone";
			};
			name = Debug;
		};
		84E97E1C2E7455CC00FC29C9 /* Release */ = {
			isa = XCBuildConfiguration;
			buildSettings = {
				ALWAYS_SEARCH_USER_PATHS = NO;
				ASSETCATALOG_COMPILER_GENERATE_SWIFT_ASSET_SYMBOL_EXTENSIONS = YES;
				CLANG_ANALYZER_NONNULL = YES;
				CLANG_ANALYZER_NUMBER_OBJECT_CONVERSION = YES_AGGRESSIVE;
				CLANG_CXX_LANGUAGE_STANDARD = "gnu++20";
				CLANG_ENABLE_MODULES = YES;
				CLANG_ENABLE_OBJC_ARC = YES;
				CLANG_ENABLE_OBJC_WEAK = YES;
				CLANG_WARN_BLOCK_CAPTURE_AUTORELEASING = YES;
				CLANG_WARN_BOOL_CONVERSION = YES;
				CLANG_WARN_COMMA = YES;
				CLANG_WARN_CONSTANT_CONVERSION = YES;
				CLANG_WARN_DEPRECATED_OBJC_IMPLEMENTATIONS = YES;
				CLANG_WARN_DIRECT_OBJC_ISA_USAGE = YES_ERROR;
				CLANG_WARN_DOCUMENTATION_COMMENTS = YES;
				CLANG_WARN_EMPTY_BODY = YES;
				CLANG_WARN_ENUM_CONVERSION = YES;
				CLANG_WARN_INFINITE_RECURSION = YES;
				CLANG_WARN_INT_CONVERSION = YES;
				CLANG_WARN_NON_LITERAL_NULL_CONVERSION = YES;
				CLANG_WARN_OBJC_IMPLICIT_RETAIN_SELF = YES;
				CLANG_WARN_OBJC_LITERAL_CONVERSION = YES;
				CLANG_WARN_OBJC_ROOT_CLASS = YES_ERROR;
				CLANG_WARN_QUOTED_INCLUDE_IN_FRAMEWORK_HEADER = YES;
				CLANG_WARN_RANGE_LOOP_ANALYSIS = YES;
				CLANG_WARN_STRICT_PROTOTYPES = YES;
				CLANG_WARN_SUSPICIOUS_MOVE = YES;
				CLANG_WARN_UNGUARDED_AVAILABILITY = YES_AGGRESSIVE;
				CLANG_WARN_UNREACHABLE_CODE = YES;
				CLANG_WARN__DUPLICATE_METHOD_MATCH = YES;
				COPY_PHASE_STRIP = NO;
				DEBUG_INFORMATION_FORMAT = "dwarf-with-dsym";
				ENABLE_NS_ASSERTIONS = NO;
				ENABLE_STRICT_OBJC_MSGSEND = YES;
				ENABLE_USER_SCRIPT_SANDBOXING = YES;
				GCC_C_LANGUAGE_STANDARD = gnu17;
				GCC_NO_COMMON_BLOCKS = YES;
				GCC_WARN_64_TO_32_BIT_CONVERSION = YES;
				GCC_WARN_ABOUT_RETURN_TYPE = YES_ERROR;
				GCC_WARN_UNDECLARED_SELECTOR = YES;
				GCC_WARN_UNINITIALIZED_AUTOS = YES_AGGRESSIVE;
				GCC_WARN_UNUSED_FUNCTION = YES;
				GCC_WARN_UNUSED_VARIABLE = YES;
				LOCALIZATION_PREFERS_STRING_CATALOGS = YES;
				MTL_ENABLE_DEBUG_INFO = NO;
				MTL_FAST_MATH = YES;
				SWIFT_COMPILATION_MODE = wholemodule;
			};
			name = Release;
		};
		84E97E1E2E7455CC00FC29C9 /* Debug */ = {
			isa = XCBuildConfiguration;
			buildSettings = {
				ASSETCATALOG_COMPILER_APPICON_NAME = AppIcon;
				ASSETCATALOG_COMPILER_GLOBAL_ACCENT_COLOR_NAME = AccentColor;
				CODE_SIGN_ENTITLEMENTS = Miam/Miam.entitlements;
				CODE_SIGN_STYLE = Automatic;
				CURRENT_PROJECT_VERSION = 1;
				ENABLE_PREVIEWS = YES;
				GENERATE_INFOPLIST_FILE = YES;
				"INFOPLIST_KEY_UIApplicationSceneManifest_Generation[sdk=iphoneos*]" = YES;
				"INFOPLIST_KEY_UIApplicationSceneManifest_Generation[sdk=iphonesimulator*]" = YES;
				"INFOPLIST_KEY_UIApplicationSupportsIndirectInputEvents[sdk=iphoneos*]" = YES;
				"INFOPLIST_KEY_UIApplicationSupportsIndirectInputEvents[sdk=iphonesimulator*]" = YES;
				"INFOPLIST_KEY_UILaunchScreen_Generation[sdk=iphoneos*]" = YES;
				"INFOPLIST_KEY_UILaunchScreen_Generation[sdk=iphonesimulator*]" = YES;
				"INFOPLIST_KEY_UIStatusBarStyle[sdk=iphoneos*]" = UIStatusBarStyleDefault;
				"INFOPLIST_KEY_UIStatusBarStyle[sdk=iphonesimulator*]" = UIStatusBarStyleDefault;
				INFOPLIST_KEY_UISupportedInterfaceOrientations_iPad = "UIInterfaceOrientationPortrait UIInterfaceOrientationPortraitUpsideDown UIInterfaceOrientationLandscapeLeft UIInterfaceOrientationLandscapeRight";
				INFOPLIST_KEY_UISupportedInterfaceOrientations_iPhone = "UIInterfaceOrientationPortrait UIInterfaceOrientationLandscapeLeft UIInterfaceOrientationLandscapeRight";
				IPHONEOS_DEPLOYMENT_TARGET = 18.5;
				LD_RUNPATH_SEARCH_PATHS = "@executable_path/Frameworks";
				"LD_RUNPATH_SEARCH_PATHS[sdk=macosx*]" = "@executable_path/../Frameworks";
				MACOSX_DEPLOYMENT_TARGET = 15.5;
				MARKETING_VERSION = 1.0;
				PRODUCT_BUNDLE_IDENTIFIER = iutsd.Miam;
				PRODUCT_NAME = "$(TARGET_NAME)";
				REGISTER_APP_GROUPS = YES;
				SDKROOT = auto;
				SUPPORTED_PLATFORMS = "iphoneos iphonesimulator macosx xros xrsimulator";
				SWIFT_EMIT_LOC_STRINGS = YES;
				SWIFT_VERSION = 5.0;
				TARGETED_DEVICE_FAMILY = "1,2,7";
				XROS_DEPLOYMENT_TARGET = 2.5;
			};
			name = Debug;
		};
		84E97E1F2E7455CC00FC29C9 /* Release */ = {
			isa = XCBuildConfiguration;
			buildSettings = {
				ASSETCATALOG_COMPILER_APPICON_NAME = AppIcon;
				ASSETCATALOG_COMPILER_GLOBAL_ACCENT_COLOR_NAME = AccentColor;
				CODE_SIGN_ENTITLEMENTS = Miam/Miam.entitlements;
				CODE_SIGN_STYLE = Automatic;
				CURRENT_PROJECT_VERSION = 1;
				ENABLE_PREVIEWS = YES;
				GENERATE_INFOPLIST_FILE = YES;
				"INFOPLIST_KEY_UIApplicationSceneManifest_Generation[sdk=iphoneos*]" = YES;
				"INFOPLIST_KEY_UIApplicationSceneManifest_Generation[sdk=iphonesimulator*]" = YES;
				"INFOPLIST_KEY_UIApplicationSupportsIndirectInputEvents[sdk=iphoneos*]" = YES;
				"INFOPLIST_KEY_UIApplicationSupportsIndirectInputEvents[sdk=iphonesimulator*]" = YES;
				"INFOPLIST_KEY_UILaunchScreen_Generation[sdk=iphoneos*]" = YES;
				"INFOPLIST_KEY_UILaunchScreen_Generation[sdk=iphonesimulator*]" = YES;
				"INFOPLIST_KEY_UIStatusBarStyle[sdk=iphoneos*]" = UIStatusBarStyleDefault;
				"INFOPLIST_KEY_UIStatusBarStyle[sdk=iphonesimulator*]" = UIStatusBarStyleDefault;
				INFOPLIST_KEY_UISupportedInterfaceOrientations_iPad = "UIInterfaceOrientationPortrait UIInterfaceOrientationPortraitUpsideDown UIInterfaceOrientationLandscapeLeft UIInterfaceOrientationLandscapeRight";
				INFOPLIST_KEY_UISupportedInterfaceOrientations_iPhone = "UIInterfaceOrientationPortrait UIInterfaceOrientationLandscapeLeft UIInterfaceOrientationLandscapeRight";
				IPHONEOS_DEPLOYMENT_TARGET = 18.5;
				LD_RUNPATH_SEARCH_PATHS = "@executable_path/Frameworks";
				"LD_RUNPATH_SEARCH_PATHS[sdk=macosx*]" = "@executable_path/../Frameworks";
				MACOSX_DEPLOYMENT_TARGET = 15.5;
				MARKETING_VERSION = 1.0;
				PRODUCT_BUNDLE_IDENTIFIER = iutsd.Miam;
				PRODUCT_NAME = "$(TARGET_NAME)";
				REGISTER_APP_GROUPS = YES;
				SDKROOT = auto;
				SUPPORTED_PLATFORMS = "iphoneos iphonesimulator macosx xros xrsimulator";
				SWIFT_EMIT_LOC_STRINGS = YES;
				SWIFT_VERSION = 5.0;
				TARGETED_DEVICE_FAMILY = "1,2,7";
				XROS_DEPLOYMENT_TARGET = 2.5;
			};
			name = Release;
		};
		84E97E212E7455CC00FC29C9 /* Debug */ = {
			isa = XCBuildConfiguration;
			buildSettings = {
				BUNDLE_LOADER = "$(TEST_HOST)";
				CODE_SIGN_STYLE = Automatic;
				CURRENT_PROJECT_VERSION = 1;
				GENERATE_INFOPLIST_FILE = YES;
				IPHONEOS_DEPLOYMENT_TARGET = 18.5;
				MACOSX_DEPLOYMENT_TARGET = 15.5;
				MARKETING_VERSION = 1.0;
				PRODUCT_BUNDLE_IDENTIFIER = iutsd.MiamTests;
				PRODUCT_NAME = "$(TARGET_NAME)";
				SDKROOT = auto;
				SUPPORTED_PLATFORMS = "iphoneos iphonesimulator macosx xros xrsimulator";
				SWIFT_EMIT_LOC_STRINGS = NO;
				SWIFT_VERSION = 5.0;
				TARGETED_DEVICE_FAMILY = "1,2,7";
				TEST_HOST = "$(BUILT_PRODUCTS_DIR)/Miam.app/$(BUNDLE_EXECUTABLE_FOLDER_PATH)/Miam";
				XROS_DEPLOYMENT_TARGET = 2.5;
			};
			name = Debug;
		};
		84E97E222E7455CC00FC29C9 /* Release */ = {
			isa = XCBuildConfiguration;
			buildSettings = {
				BUNDLE_LOADER = "$(TEST_HOST)";
				CODE_SIGN_STYLE = Automatic;
				CURRENT_PROJECT_VERSION = 1;
				GENERATE_INFOPLIST_FILE = YES;
				IPHONEOS_DEPLOYMENT_TARGET = 18.5;
				MACOSX_DEPLOYMENT_TARGET = 15.5;
				MARKETING_VERSION = 1.0;
				PRODUCT_BUNDLE_IDENTIFIER = iutsd.MiamTests;
				PRODUCT_NAME = "$(TARGET_NAME)";
				SDKROOT = auto;
				SUPPORTED_PLATFORMS = "iphoneos iphonesimulator macosx xros xrsimulator";
				SWIFT_EMIT_LOC_STRINGS = NO;
				SWIFT_VERSION = 5.0;
				TARGETED_DEVICE_FAMILY = "1,2,7";
				TEST_HOST = "$(BUILT_PRODUCTS_DIR)/Miam.app/$(BUNDLE_EXECUTABLE_FOLDER_PATH)/Miam";
				XROS_DEPLOYMENT_TARGET = 2.5;
			};
			name = Release;
		};
		84E97E242E7455CC00FC29C9 /* Debug */ = {
			isa = XCBuildConfiguration;
			buildSettings = {
				CODE_SIGN_STYLE = Automatic;
				CURRENT_PROJECT_VERSION = 1;
				GENERATE_INFOPLIST_FILE = YES;
				IPHONEOS_DEPLOYMENT_TARGET = 18.5;
				MACOSX_DEPLOYMENT_TARGET = 15.5;
				MARKETING_VERSION = 1.0;
				PRODUCT_BUNDLE_IDENTIFIER = iutsd.MiamUITests;
				PRODUCT_NAME = "$(TARGET_NAME)";
				SDKROOT = auto;
				SUPPORTED_PLATFORMS = "iphoneos iphonesimulator macosx xros xrsimulator";
				SWIFT_EMIT_LOC_STRINGS = NO;
				SWIFT_VERSION = 5.0;
				TARGETED_DEVICE_FAMILY = "1,2,7";
				TEST_TARGET_NAME = Miam;
				XROS_DEPLOYMENT_TARGET = 2.5;
			};
			name = Debug;
		};
		84E97E252E7455CC00FC29C9 /* Release */ = {
			isa = XCBuildConfiguration;
			buildSettings = {
				CODE_SIGN_STYLE = Automatic;
				CURRENT_PROJECT_VERSION = 1;
				GENERATE_INFOPLIST_FILE = YES;
				IPHONEOS_DEPLOYMENT_TARGET = 18.5;
				MACOSX_DEPLOYMENT_TARGET = 15.5;
				MARKETING_VERSION = 1.0;
				PRODUCT_BUNDLE_IDENTIFIER = iutsd.MiamUITests;
				PRODUCT_NAME = "$(TARGET_NAME)";
				SDKROOT = auto;
				SUPPORTED_PLATFORMS = "iphoneos iphonesimulator macosx xros xrsimulator";
				SWIFT_EMIT_LOC_STRINGS = NO;
				SWIFT_VERSION = 5.0;
				TARGETED_DEVICE_FAMILY = "1,2,7";
				TEST_TARGET_NAME = Miam;
				XROS_DEPLOYMENT_TARGET = 2.5;
			};
			name = Release;
		};
/* End XCBuildConfiguration section */

/* Begin XCConfigurationList section */
		84E97DF62E7455CB00FC29C9 /* Build configuration list for PBXProject "Miam" */ = {
			isa = XCConfigurationList;
			buildConfigurations = (
				84E97E1B2E7455CC00FC29C9 /* Debug */,
				84E97E1C2E7455CC00FC29C9 /* Release */,
			);
			defaultConfigurationIsVisible = 0;
			defaultConfigurationName = Release;
		};
		84E97E1D2E7455CC00FC29C9 /* Build configuration list for PBXNativeTarget "Miam" */ = {
			isa = XCConfigurationList;
			buildConfigurations = (
				84E97E1E2E7455CC00FC29C9 /* Debug */,
				84E97E1F2E7455CC00FC29C9 /* Release */,
			);
			defaultConfigurationIsVisible = 0;
			defaultConfigurationName = Release;
		};
		84E97E202E7455CC00FC29C9 /* Build configuration list for PBXNativeTarget "MiamTests" */ = {
			isa = XCConfigurationList;
			buildConfigurations = (
				84E97E212E7455CC00FC29C9 /* Debug */,
				84E97E222E7455CC00FC29C9 /* Release */,
			);
			defaultConfigurationIsVisible = 0;
			defaultConfigurationName = Release;
		};
		84E97E232E7455CC00FC29C9 /* Build configuration list for PBXNativeTarget "MiamUITests" */ = {
			isa = XCConfigurationList;
			buildConfigurations = (
				84E97E242E7455CC00FC29C9 /* Debug */,
				84E97E252E7455CC00FC29C9 /* Release */,
			);
			defaultConfigurationIsVisible = 0;
			defaultConfigurationName = Release;
		};
/* End XCConfigurationList section */
	};
	rootObject = 84E97DF32E7455CB00FC29C9 /* Project object */;
}
