// !$*UTF8*$!
{
	archiveVersion = 1;
	classes = {
	};
	objectVersion = 77;
	objects = {

/* Begin PBXContainerItemProxy section */
		8487B5232E87C2D70026EDD5 /* PBXContainerItemProxy */ = {
			isa = PBXContainerItemProxy;
			containerPortal = 8487B50D2E87C2D60026EDD5 /* Project object */;
			proxyType = 1;
			remoteGlobalIDString = 8487B5142E87C2D60026EDD5;
			remoteInfo = CocktailApp;
		};
		8487B52D2E87C2D70026EDD5 /* PBXContainerItemProxy */ = {
			isa = PBXContainerItemProxy;
			containerPortal = 8487B50D2E87C2D60026EDD5 /* Project object */;
			proxyType = 1;
			remoteGlobalIDString = 8487B5142E87C2D60026EDD5;
			remoteInfo = CocktailApp;
		};
/* End PBXContainerItemProxy section */

/* Begin PBXFileReference section */
		8487B5152E87C2D60026EDD5 /* CocktailApp.app */ = {isa = PBXFileReference; explicitFileType = wrapper.application; includeInIndex = 0; path = CocktailApp.app; sourceTree = BUILT_PRODUCTS_DIR; };
		8487B5222E87C2D70026EDD5 /* CocktailAppTests.xctest */ = {isa = PBXFileReference; explicitFileType = wrapper.cfbundle; includeInIndex = 0; path = CocktailAppTests.xctest; sourceTree = BUILT_PRODUCTS_DIR; };
		8487B52C2E87C2D70026EDD5 /* CocktailAppUITests.xctest */ = {isa = PBXFileReference; explicitFileType = wrapper.cfbundle; includeInIndex = 0; path = CocktailAppUITests.xctest; sourceTree = BUILT_PRODUCTS_DIR; };
/* End PBXFileReference section */

/* Begin PBXFileSystemSynchronizedRootGroup section */
		8487B5172E87C2D60026EDD5 /* CocktailApp */ = {
			isa = PBXFileSystemSynchronizedRootGroup;
			path = CocktailApp;
			sourceTree = "<group>";
		};
		8487B5252E87C2D70026EDD5 /* CocktailAppTests */ = {
			isa = PBXFileSystemSynchronizedRootGroup;
			path = CocktailAppTests;
			sourceTree = "<group>";
		};
		8487B52F2E87C2D70026EDD5 /* CocktailAppUITests */ = {
			isa = PBXFileSystemSynchronizedRootGroup;
			path = CocktailAppUITests;
			sourceTree = "<group>";
		};
/* End PBXFileSystemSynchronizedRootGroup section */

/* Begin PBXFrameworksBuildPhase section */
		8487B5122E87C2D60026EDD5 /* Frameworks */ = {
			isa = PBXFrameworksBuildPhase;
			buildActionMask = 2147483647;
			files = (
			);
			runOnlyForDeploymentPostprocessing = 0;
		};
		8487B51F2E87C2D70026EDD5 /* Frameworks */ = {
			isa = PBXFrameworksBuildPhase;
			buildActionMask = 2147483647;
			files = (
			);
			runOnlyForDeploymentPostprocessing = 0;
		};
		8487B5292E87C2D70026EDD5 /* Frameworks */ = {
			isa = PBXFrameworksBuildPhase;
			buildActionMask = 2147483647;
			files = (
			);
			runOnlyForDeploymentPostprocessing = 0;
		};
/* End PBXFrameworksBuildPhase section */

/* Begin PBXGroup section */
		8487B50C2E87C2D60026EDD5 = {
			isa = PBXGroup;
			children = (
				8487B5172E87C2D60026EDD5 /* CocktailApp */,
				8487B5252E87C2D70026EDD5 /* CocktailAppTests */,
				8487B52F2E87C2D70026EDD5 /* CocktailAppUITests */,
				8487B5162E87C2D60026EDD5 /* Products */,
			);
			sourceTree = "<group>";
		};
		8487B5162E87C2D60026EDD5 /* Products */ = {
			isa = PBXGroup;
			children = (
				8487B5152E87C2D60026EDD5 /* CocktailApp.app */,
				8487B5222E87C2D70026EDD5 /* CocktailAppTests.xctest */,
				8487B52C2E87C2D70026EDD5 /* CocktailAppUITests.xctest */,
			);
			name = Products;
			sourceTree = "<group>";
		};
/* End PBXGroup section */

/* Begin PBXNativeTarget section */
		8487B5142E87C2D60026EDD5 /* CocktailApp */ = {
			isa = PBXNativeTarget;
			buildConfigurationList = 8487B5362E87C2D70026EDD5 /* Build configuration list for PBXNativeTarget "CocktailApp" */;
			buildPhases = (
				8487B5112E87C2D60026EDD5 /* Sources */,
				8487B5122E87C2D60026EDD5 /* Frameworks */,
				8487B5132E87C2D60026EDD5 /* Resources */,
			);
			buildRules = (
			);
			dependencies = (
			);
			fileSystemSynchronizedGroups = (
				8487B5172E87C2D60026EDD5 /* CocktailApp */,
			);
			name = CocktailApp;
			packageProductDependencies = (
			);
			productName = CocktailApp;
			productReference = 8487B5152E87C2D60026EDD5 /* CocktailApp.app */;
			productType = "com.apple.product-type.application";
		};
		8487B5212E87C2D70026EDD5 /* CocktailAppTests */ = {
			isa = PBXNativeTarget;
			buildConfigurationList = 8487B5392E87C2D70026EDD5 /* Build configuration list for PBXNativeTarget "CocktailAppTests" */;
			buildPhases = (
				8487B51E2E87C2D70026EDD5 /* Sources */,
				8487B51F2E87C2D70026EDD5 /* Frameworks */,
				8487B5202E87C2D70026EDD5 /* Resources */,
			);
			buildRules = (
			);
			dependencies = (
				8487B5242E87C2D70026EDD5 /* PBXTargetDependency */,
			);
			fileSystemSynchronizedGroups = (
				8487B5252E87C2D70026EDD5 /* CocktailAppTests */,
			);
			name = CocktailAppTests;
			packageProductDependencies = (
			);
			productName = CocktailAppTests;
			productReference = 8487B5222E87C2D70026EDD5 /* CocktailAppTests.xctest */;
			productType = "com.apple.product-type.bundle.unit-test";
		};
		8487B52B2E87C2D70026EDD5 /* CocktailAppUITests */ = {
			isa = PBXNativeTarget;
			buildConfigurationList = 8487B53C2E87C2D70026EDD5 /* Build configuration list for PBXNativeTarget "CocktailAppUITests" */;
			buildPhases = (
				8487B5282E87C2D70026EDD5 /* Sources */,
				8487B5292E87C2D70026EDD5 /* Frameworks */,
				8487B52A2E87C2D70026EDD5 /* Resources */,
			);
			buildRules = (
			);
			dependencies = (
				8487B52E2E87C2D70026EDD5 /* PBXTargetDependency */,
			);
			fileSystemSynchronizedGroups = (
				8487B52F2E87C2D70026EDD5 /* CocktailAppUITests */,
			);
			name = CocktailAppUITests;
			packageProductDependencies = (
			);
			productName = CocktailAppUITests;
			productReference = 8487B52C2E87C2D70026EDD5 /* CocktailAppUITests.xctest */;
			productType = "com.apple.product-type.bundle.ui-testing";
		};
/* End PBXNativeTarget section */

/* Begin PBXProject section */
		8487B50D2E87C2D60026EDD5 /* Project object */ = {
			isa = PBXProject;
			attributes = {
				BuildIndependentTargetsInParallel = 1;
				LastSwiftUpdateCheck = 1640;
				LastUpgradeCheck = 1640;
				TargetAttributes = {
					8487B5142E87C2D60026EDD5 = {
						CreatedOnToolsVersion = 16.4;
					};
					8487B5212E87C2D70026EDD5 = {
						CreatedOnToolsVersion = 16.4;
						TestTargetID = 8487B5142E87C2D60026EDD5;
					};
					8487B52B2E87C2D70026EDD5 = {
						CreatedOnToolsVersion = 16.4;
						TestTargetID = 8487B5142E87C2D60026EDD5;
					};
				};
			};
			buildConfigurationList = 8487B5102E87C2D60026EDD5 /* Build configuration list for PBXProject "CocktailApp" */;
			developmentRegion = en;
			hasScannedForEncodings = 0;
			knownRegions = (
				en,
				Base,
			);
			mainGroup = 8487B50C2E87C2D60026EDD5;
			minimizedProjectReferenceProxies = 1;
			preferredProjectObjectVersion = 77;
			productRefGroup = 8487B5162E87C2D60026EDD5 /* Products */;
			projectDirPath = "";
			projectRoot = "";
			targets = (
				8487B5142E87C2D60026EDD5 /* CocktailApp */,
				8487B5212E87C2D70026EDD5 /* CocktailAppTests */,
				8487B52B2E87C2D70026EDD5 /* CocktailAppUITests */,
			);
		};
/* End PBXProject section */

/* Begin PBXResourcesBuildPhase section */
		8487B5132E87C2D60026EDD5 /* Resources */ = {
			isa = PBXResourcesBuildPhase;
			buildActionMask = 2147483647;
			files = (
			);
			runOnlyForDeploymentPostprocessing = 0;
		};
		8487B5202E87C2D70026EDD5 /* Resources */ = {
			isa = PBXResourcesBuildPhase;
			buildActionMask = 2147483647;
			files = (
			);
			runOnlyForDeploymentPostprocessing = 0;
		};
		8487B52A2E87C2D70026EDD5 /* Resources */ = {
			isa = PBXResourcesBuildPhase;
			buildActionMask = 2147483647;
			files = (
			);
			runOnlyForDeploymentPostprocessing = 0;
		};
/* End PBXResourcesBuildPhase section */

/* Begin PBXSourcesBuildPhase section */
		8487B5112E87C2D60026EDD5 /* Sources */ = {
			isa = PBXSourcesBuildPhase;
			buildActionMask = 2147483647;
			files = (
			);
			runOnlyForDeploymentPostprocessing = 0;
		};
		8487B51E2E87C2D70026EDD5 /* Sources */ = {
			isa = PBXSourcesBuildPhase;
			buildActionMask = 2147483647;
			files = (
			);
			runOnlyForDeploymentPostprocessing = 0;
		};
		8487B5282E87C2D70026EDD5 /* Sources */ = {
			isa = PBXSourcesBuildPhase;
			buildActionMask = 2147483647;
			files = (
			);
			runOnlyForDeploymentPostprocessing = 0;
		};
/* End PBXSourcesBuildPhase section */

/* Begin PBXTargetDependency section */
		8487B5242E87C2D70026EDD5 /* PBXTargetDependency */ = {
			isa = PBXTargetDependency;
			target = 8487B5142E87C2D60026EDD5 /* CocktailApp */;
			targetProxy = 8487B5232E87C2D70026EDD5 /* PBXContainerItemProxy */;
		};
		8487B52E2E87C2D70026EDD5 /* PBXTargetDependency */ = {
			isa = PBXTargetDependency;
			target = 8487B5142E87C2D60026EDD5 /* CocktailApp */;
			targetProxy = 8487B52D2E87C2D70026EDD5 /* PBXContainerItemProxy */;
		};
/* End PBXTargetDependency section */

/* Begin XCBuildConfiguration section */
		8487B5342E87C2D70026EDD5 /* Debug */ = {
			isa = XCBuildConfiguration;
			buildSettings = {
				ALWAYS_SEARCH_USER_PATHS = NO;
				ASSETCATALOG_COMPILER_GENERATE_SWIFT_ASSET_SYMBOL_EXTENSIONS = YES;
				CLANG_ANALYZER_NONNULL = YES;
				CLANG_ANALYZER_NUMBER_OBJECT_CONVERSION = YES_AGGRESSIVE;
				CLANG_CXX_LANGUAGE_STANDARD = "gnu++20";
				CLANG_ENABLE_MODULES = YES;
				CLANG_ENABLE_OBJC_ARC = YES;
				CLANG_ENABLE_OBJC_WEAK = YES;
				CLANG_WARN_BLOCK_CAPTURE_AUTORELEASING = YES;
				CLANG_WARN_BOOL_CONVERSION = YES;
				CLANG_WARN_COMMA = YES;
				CLANG_WARN_CONSTANT_CONVERSION = YES;
				CLANG_WARN_DEPRECATED_OBJC_IMPLEMENTATIONS = YES;
				CLANG_WARN_DIRECT_OBJC_ISA_USAGE = YES_ERROR;
				CLANG_WARN_DOCUMENTATION_COMMENTS = YES;
				CLANG_WARN_EMPTY_BODY = YES;
				CLANG_WARN_ENUM_CONVERSION = YES;
				CLANG_WARN_INFINITE_RECURSION = YES;
				CLANG_WARN_INT_CONVERSION = YES;
				CLANG_WARN_NON_LITERAL_NULL_CONVERSION = YES;
				CLANG_WARN_OBJC_IMPLICIT_RETAIN_SELF = YES;
				CLANG_WARN_OBJC_LITERAL_CONVERSION = YES;
				CLANG_WARN_OBJC_ROOT_CLASS = YES_ERROR;
				CLANG_WARN_QUOTED_INCLUDE_IN_FRAMEWORK_HEADER = YES;
				CLANG_WARN_RANGE_LOOP_ANALYSIS = YES;
				CLANG_WARN_STRICT_PROTOTYPES = YES;
				CLANG_WARN_SUSPICIOUS_MOVE = YES;
				CLANG_WARN_UNGUARDED_AVAILABILITY = YES_AGGRESSIVE;
				CLANG_WARN_UNREACHABLE_CODE = YES;
				CLANG_WARN__DUPLICATE_METHOD_MATCH = YES;
				COPY_PHASE_STRIP = NO;
				DEBUG_INFORMATION_FORMAT = dwarf;
				ENABLE_STRICT_OBJC_MSGSEND = YES;
				ENABLE_TESTABILITY = YES;
				ENABLE_USER_SCRIPT_SANDBOXING = YES;
				GCC_C_LANGUAGE_STANDARD = gnu17;
				GCC_DYNAMIC_NO_PIC = NO;
				GCC_NO_COMMON_BLOCKS = YES;
				GCC_OPTIMIZATION_LEVEL = 0;
				GCC_PREPROCESSOR_DEFINITIONS = (
					"DEBUG=1",
					"$(inherited)",
				);
				GCC_WARN_64_TO_32_BIT_CONVERSION = YES;
				GCC_WARN_ABOUT_RETURN_TYPE = YES_ERROR;
				GCC_WARN_UNDECLARED_SELECTOR = YES;
				GCC_WARN_UNINITIALIZED_AUTOS = YES_AGGRESSIVE;
				GCC_WARN_UNUSED_FUNCTION = YES;
				GCC_WARN_UNUSED_VARIABLE = YES;
				IPHONEOS_DEPLOYMENT_TARGET = 18.5;
				LOCALIZATION_PREFERS_STRING_CATALOGS = YES;
				MTL_ENABLE_DEBUG_INFO = INCLUDE_SOURCE;
				MTL_FAST_MATH = YES;
				ONLY_ACTIVE_ARCH = YES;
				SDKROOT = iphoneos;
				SWIFT_ACTIVE_COMPILATION_CONDITIONS = "DEBUG $(inherited)";
				SWIFT_OPTIMIZATION_LEVEL = "-Onone";
			};
			name = Debug;
		};
		8487B5352E87C2D70026EDD5 /* Release */ = {
			isa = XCBuildConfiguration;
			buildSettings = {
				ALWAYS_SEARCH_USER_PATHS = NO;
				ASSETCATALOG_COMPILER_GENERATE_SWIFT_ASSET_SYMBOL_EXTENSIONS = YES;
				CLANG_ANALYZER_NONNULL = YES;
				CLANG_ANALYZER_NUMBER_OBJECT_CONVERSION = YES_AGGRESSIVE;
				CLANG_CXX_LANGUAGE_STANDARD = "gnu++20";
				CLANG_ENABLE_MODULES = YES;
				CLANG_ENABLE_OBJC_ARC = YES;
				CLANG_ENABLE_OBJC_WEAK = YES;
				CLANG_WARN_BLOCK_CAPTURE_AUTORELEASING = YES;
				CLANG_WARN_BOOL_CONVERSION = YES;
				CLANG_WARN_COMMA = YES;
				CLANG_WARN_CONSTANT_CONVERSION = YES;
				CLANG_WARN_DEPRECATED_OBJC_IMPLEMENTATIONS = YES;
				CLANG_WARN_DIRECT_OBJC_ISA_USAGE = YES_ERROR;
				CLANG_WARN_DOCUMENTATION_COMMENTS = YES;
				CLANG_WARN_EMPTY_BODY = YES;
				CLANG_WARN_ENUM_CONVERSION = YES;
				CLANG_WARN_INFINITE_RECURSION = YES;
				CLANG_WARN_INT_CONVERSION = YES;
				CLANG_WARN_NON_LITERAL_NULL_CONVERSION = YES;
				CLANG_WARN_OBJC_IMPLICIT_RETAIN_SELF = YES;
				CLANG_WARN_OBJC_LITERAL_CONVERSION = YES;
				CLANG_WARN_OBJC_ROOT_CLASS = YES_ERROR;
				CLANG_WARN_QUOTED_INCLUDE_IN_FRAMEWORK_HEADER = YES;
				CLANG_WARN_RANGE_LOOP_ANALYSIS = YES;
				CLANG_WARN_STRICT_PROTOTYPES = YES;
				CLANG_WARN_SUSPICIOUS_MOVE = YES;
				CLANG_WARN_UNGUARDED_AVAILABILITY = YES_AGGRESSIVE;
				CLANG_WARN_UNREACHABLE_CODE = YES;
				CLANG_WARN__DUPLICATE_METHOD_MATCH = YES;
				COPY_PHASE_STRIP = NO;
				DEBUG_INFORMATION_FORMAT = "dwarf-with-dsym";
				ENABLE_NS_ASSERTIONS = NO;
				ENABLE_STRICT_OBJC_MSGSEND = YES;
				ENABLE_USER_SCRIPT_SANDBOXING = YES;
				GCC_C_LANGUAGE_STANDARD = gnu17;
				GCC_NO_COMMON_BLOCKS = YES;
				GCC_WARN_64_TO_32_BIT_CONVERSION = YES;
				GCC_WARN_ABOUT_RETURN_TYPE = YES_ERROR;
				GCC_WARN_UNDECLARED_SELECTOR = YES;
				GCC_WARN_UNINITIALIZED_AUTOS = YES_AGGRESSIVE;
				GCC_WARN_UNUSED_FUNCTION = YES;
				GCC_WARN_UNUSED_VARIABLE = YES;
				IPHONEOS_DEPLOYMENT_TARGET = 18.5;
				LOCALIZATION_PREFERS_STRING_CATALOGS = YES;
				MTL_ENABLE_DEBUG_INFO = NO;
				MTL_FAST_MATH = YES;
				SDKROOT = iphoneos;
				SWIFT_COMPILATION_MODE = wholemodule;
				VALIDATE_PRODUCT = YES;
			};
			name = Release;
		};
		8487B5372E87C2D70026EDD5 /* Debug */ = {
			isa = XCBuildConfiguration;
			buildSettings = {
				ASSETCATALOG_COMPILER_APPICON_NAME = AppIcon;
				ASSETCATALOG_COMPILER_GLOBAL_ACCENT_COLOR_NAME = AccentColor;
				CODE_SIGN_STYLE = Automatic;
				CURRENT_PROJECT_VERSION = 1;
				ENABLE_PREVIEWS = YES;
				GENERATE_INFOPLIST_FILE = YES;
				INFOPLIST_KEY_UIApplicationSceneManifest_Generation = YES;
				INFOPLIST_KEY_UIApplicationSupportsIndirectInputEvents = YES;
				INFOPLIST_KEY_UILaunchScreen_Generation = YES;
				INFOPLIST_KEY_UISupportedInterfaceOrientations_iPad = "UIInterfaceOrientationPortrait UIInterfaceOrientationPortraitUpsideDown UIInterfaceOrientationLandscapeLeft UIInterfaceOrientationLandscapeRight";
				INFOPLIST_KEY_UISupportedInterfaceOrientations_iPhone = "UIInterfaceOrientationPortrait UIInterfaceOrientationLandscapeLeft UIInterfaceOrientationLandscapeRight";
				LD_RUNPATH_SEARCH_PATHS = (
					"$(inherited)",
					"@executable_path/Frameworks",
				);
				MARKETING_VERSION = 1.0;
				PRODUCT_BUNDLE_IDENTIFIER = iut.CocktailApp;
				PRODUCT_NAME = "$(TARGET_NAME)";
				SWIFT_EMIT_LOC_STRINGS = YES;
				SWIFT_VERSION = 5.0;
				TARGETED_DEVICE_FAMILY = "1,2";
			};
			name = Debug;
		};
		8487B5382E87C2D70026EDD5 /* Release */ = {
			isa = XCBuildConfiguration;
			buildSettings = {
				ASSETCATALOG_COMPILER_APPICON_NAME = AppIcon;
				ASSETCATALOG_COMPILER_GLOBAL_ACCENT_COLOR_NAME = AccentColor;
				CODE_SIGN_STYLE = Automatic;
				CURRENT_PROJECT_VERSION = 1;
				ENABLE_PREVIEWS = YES;
				GENERATE_INFOPLIST_FILE = YES;
				INFOPLIST_KEY_UIApplicationSceneManifest_Generation = YES;
				INFOPLIST_KEY_UIApplicationSupportsIndirectInputEvents = YES;
				INFOPLIST_KEY_UILaunchScreen_Generation = YES;
				INFOPLIST_KEY_UISupportedInterfaceOrientations_iPad = "UIInterfaceOrientationPortrait UIInterfaceOrientationPortraitUpsideDown UIInterfaceOrientationLandscapeLeft UIInterfaceOrientationLandscapeRight";
				INFOPLIST_KEY_UISupportedInterfaceOrientations_iPhone = "UIInterfaceOrientationPortrait UIInterfaceOrientationLandscapeLeft UIInterfaceOrientationLandscapeRight";
				LD_RUNPATH_SEARCH_PATHS = (
					"$(inherited)",
					"@executable_path/Frameworks",
				);
				MARKETING_VERSION = 1.0;
				PRODUCT_BUNDLE_IDENTIFIER = iut.CocktailApp;
				PRODUCT_NAME = "$(TARGET_NAME)";
				SWIFT_EMIT_LOC_STRINGS = YES;
				SWIFT_VERSION = 5.0;
				TARGETED_DEVICE_FAMILY = "1,2";
			};
			name = Release;
		};
		8487B53A2E87C2D70026EDD5 /* Debug */ = {
			isa = XCBuildConfiguration;
			buildSettings = {
				BUNDLE_LOADER = "$(TEST_HOST)";
				CODE_SIGN_STYLE = Automatic;
				CURRENT_PROJECT_VERSION = 1;
				GENERATE_INFOPLIST_FILE = YES;
				IPHONEOS_DEPLOYMENT_TARGET = 18.5;
				MARKETING_VERSION = 1.0;
				PRODUCT_BUNDLE_IDENTIFIER = iut.CocktailAppTests;
				PRODUCT_NAME = "$(TARGET_NAME)";
				SWIFT_EMIT_LOC_STRINGS = NO;
				SWIFT_VERSION = 5.0;
				TARGETED_DEVICE_FAMILY = "1,2";
				TEST_HOST = "$(BUILT_PRODUCTS_DIR)/CocktailApp.app/$(BUNDLE_EXECUTABLE_FOLDER_PATH)/CocktailApp";
			};
			name = Debug;
		};
		8487B53B2E87C2D70026EDD5 /* Release */ = {
			isa = XCBuildConfiguration;
			buildSettings = {
				BUNDLE_LOADER = "$(TEST_HOST)";
				CODE_SIGN_STYLE = Automatic;
				CURRENT_PROJECT_VERSION = 1;
				GENERATE_INFOPLIST_FILE = YES;
				IPHONEOS_DEPLOYMENT_TARGET = 18.5;
				MARKETING_VERSION = 1.0;
				PRODUCT_BUNDLE_IDENTIFIER = iut.CocktailAppTests;
				PRODUCT_NAME = "$(TARGET_NAME)";
				SWIFT_EMIT_LOC_STRINGS = NO;
				SWIFT_VERSION = 5.0;
				TARGETED_DEVICE_FAMILY = "1,2";
				TEST_HOST = "$(BUILT_PRODUCTS_DIR)/CocktailApp.app/$(BUNDLE_EXECUTABLE_FOLDER_PATH)/CocktailApp";
			};
			name = Release;
		};
		8487B53D2E87C2D70026EDD5 /* Debug */ = {
			isa = XCBuildConfiguration;
			buildSettings = {
				CODE_SIGN_STYLE = Automatic;
				CURRENT_PROJECT_VERSION = 1;
				GENERATE_INFOPLIST_FILE = YES;
				MARKETING_VERSION = 1.0;
				PRODUCT_BUNDLE_IDENTIFIER = iut.CocktailAppUITests;
				PRODUCT_NAME = "$(TARGET_NAME)";
				SWIFT_EMIT_LOC_STRINGS = NO;
				SWIFT_VERSION = 5.0;
				TARGETED_DEVICE_FAMILY = "1,2";
				TEST_TARGET_NAME = CocktailApp;
			};
			name = Debug;
		};
		8487B53E2E87C2D70026EDD5 /* Release */ = {
			isa = XCBuildConfiguration;
			buildSettings = {
				CODE_SIGN_STYLE = Automatic;
				CURRENT_PROJECT_VERSION = 1;
				GENERATE_INFOPLIST_FILE = YES;
				MARKETING_VERSION = 1.0;
				PRODUCT_BUNDLE_IDENTIFIER = iut.CocktailAppUITests;
				PRODUCT_NAME = "$(TARGET_NAME)";
				SWIFT_EMIT_LOC_STRINGS = NO;
				SWIFT_VERSION = 5.0;
				TARGETED_DEVICE_FAMILY = "1,2";
				TEST_TARGET_NAME = CocktailApp;
			};
			name = Release;
		};
/* End XCBuildConfiguration section */

/* Begin XCConfigurationList section */
		8487B5102E87C2D60026EDD5 /* Build configuration list for PBXProject "CocktailApp" */ = {
			isa = XCConfigurationList;
			buildConfigurations = (
				8487B5342E87C2D70026EDD5 /* Debug */,
				8487B5352E87C2D70026EDD5 /* Release */,
			);
			defaultConfigurationIsVisible = 0;
			defaultConfigurationName = Release;
		};
		8487B5362E87C2D70026EDD5 /* Build configuration list for PBXNativeTarget "CocktailApp" */ = {
			isa = XCConfigurationList;
			buildConfigurations = (
				8487B5372E87C2D70026EDD5 /* Debug */,
				8487B5382E87C2D70026EDD5 /* Release */,
			);
			defaultConfigurationIsVisible = 0;
			defaultConfigurationName = Release;
		};
		8487B5392E87C2D70026EDD5 /* Build configuration list for PBXNativeTarget "CocktailAppTests" */ = {
			isa = XCConfigurationList;
			buildConfigurations = (
				8487B53A2E87C2D70026EDD5 /* Debug */,
				8487B53B2E87C2D70026EDD5 /* Release */,
			);
			defaultConfigurationIsVisible = 0;
			defaultConfigurationName = Release;
		};
		8487B53C2E87C2D70026EDD5 /* Build configuration list for PBXNativeTarget "CocktailAppUITests" */ = {
			isa = XCConfigurationList;
			buildConfigurations = (
				8487B53D2E87C2D70026EDD5 /* Debug */,
				8487B53E2E87C2D70026EDD5 /* Release */,
			);
			defaultConfigurationIsVisible = 0;
			defaultConfigurationName = Release;
		};
/* End XCConfigurationList section */
	};
	rootObject = 8487B50D2E87C2D60026EDD5 /* Project object */;
}
